// !$*UTF8*$!
{
	archiveVersion = 1;
	classes = {
	};
	objectVersion = 50;
	objects = {

/* Begin PBXBuildFile section */
		13704B7823DAB5F300F4F8CD /* PointsViewController.swift in Sources */ = {isa = PBXBuildFile; fileRef = 13704B7723DAB5F300F4F8CD /* PointsViewController.swift */; };
		1370CB0A23D0FF2F004CEF62 /* MainToDoTableViewController.swift in Sources */ = {isa = PBXBuildFile; fileRef = 1370CB0923D0FF2F004CEF62 /* MainToDoTableViewController.swift */; };
		1370CB0C23D1003B004CEF62 /* MainToDoTableViewCell.swift in Sources */ = {isa = PBXBuildFile; fileRef = 1370CB0B23D1003B004CEF62 /* MainToDoTableViewCell.swift */; };
		1370CB0E23D1037F004CEF62 /* AddItemViewController.swift in Sources */ = {isa = PBXBuildFile; fileRef = 1370CB0D23D1037F004CEF62 /* AddItemViewController.swift */; };
		13747D0723CF7BC3004A1EDC /* AppDelegate.swift in Sources */ = {isa = PBXBuildFile; fileRef = 13747D0623CF7BC3004A1EDC /* AppDelegate.swift */; };
		13747D0923CF7BC3004A1EDC /* SceneDelegate.swift in Sources */ = {isa = PBXBuildFile; fileRef = 13747D0823CF7BC3004A1EDC /* SceneDelegate.swift */; };
		13747D0E23CF7BC3004A1EDC /* Main.storyboard in Resources */ = {isa = PBXBuildFile; fileRef = 13747D0C23CF7BC3004A1EDC /* Main.storyboard */; };
		13747D1023CF7BC8004A1EDC /* Assets.xcassets in Resources */ = {isa = PBXBuildFile; fileRef = 13747D0F23CF7BC8004A1EDC /* Assets.xcassets */; };
		13747D1323CF7BC8004A1EDC /* LaunchScreen.storyboard in Resources */ = {isa = PBXBuildFile; fileRef = 13747D1123CF7BC8004A1EDC /* LaunchScreen.storyboard */; };
		13D6D06923DF722700D3EBD1 /* LootBoxesViewController.swift in Sources */ = {isa = PBXBuildFile; fileRef = 13D6D06823DF722700D3EBD1 /* LootBoxesViewController.swift */; };
		13D6D06B23DF849D00D3EBD1 /* BlueBoxViewController.swift in Sources */ = {isa = PBXBuildFile; fileRef = 13D6D06A23DF849D00D3EBD1 /* BlueBoxViewController.swift */; };
		13D6D06D23DF84A900D3EBD1 /* PurpleBoxViewController.swift in Sources */ = {isa = PBXBuildFile; fileRef = 13D6D06C23DF84A900D3EBD1 /* PurpleBoxViewController.swift */; };
		13D6D06F23DF84B300D3EBD1 /* GoldBoxViewController.swift in Sources */ = {isa = PBXBuildFile; fileRef = 13D6D06E23DF84B300D3EBD1 /* GoldBoxViewController.swift */; };
		13D6D07123DF8CFB00D3EBD1 /* StoreViewController.swift in Sources */ = {isa = PBXBuildFile; fileRef = 13D6D07023DF8CFB00D3EBD1 /* StoreViewController.swift */; };
/* End PBXBuildFile section */

/* Begin PBXFileReference section */
		13704B7723DAB5F300F4F8CD /* PointsViewController.swift */ = {isa = PBXFileReference; lastKnownFileType = sourcecode.swift; path = PointsViewController.swift; sourceTree = "<group>"; };
		1370CB0923D0FF2F004CEF62 /* MainToDoTableViewController.swift */ = {isa = PBXFileReference; lastKnownFileType = sourcecode.swift; path = MainToDoTableViewController.swift; sourceTree = "<group>"; };
		1370CB0B23D1003B004CEF62 /* MainToDoTableViewCell.swift */ = {isa = PBXFileReference; lastKnownFileType = sourcecode.swift; path = MainToDoTableViewCell.swift; sourceTree = "<group>"; };
		1370CB0D23D1037F004CEF62 /* AddItemViewController.swift */ = {isa = PBXFileReference; lastKnownFileType = sourcecode.swift; path = AddItemViewController.swift; sourceTree = "<group>"; };
		13747D0323CF7BC3004A1EDC /* To Do App v1.app */ = {isa = PBXFileReference; explicitFileType = wrapper.application; includeInIndex = 0; path = "To Do App v1.app"; sourceTree = BUILT_PRODUCTS_DIR; };
		13747D0623CF7BC3004A1EDC /* AppDelegate.swift */ = {isa = PBXFileReference; lastKnownFileType = sourcecode.swift; path = AppDelegate.swift; sourceTree = "<group>"; };
		13747D0823CF7BC3004A1EDC /* SceneDelegate.swift */ = {isa = PBXFileReference; lastKnownFileType = sourcecode.swift; path = SceneDelegate.swift; sourceTree = "<group>"; };
		13747D0D23CF7BC3004A1EDC /* Base */ = {isa = PBXFileReference; lastKnownFileType = file.storyboard; name = Base; path = Base.lproj/Main.storyboard; sourceTree = "<group>"; };
		13747D0F23CF7BC8004A1EDC /* Assets.xcassets */ = {isa = PBXFileReference; lastKnownFileType = folder.assetcatalog; path = Assets.xcassets; sourceTree = "<group>"; };
		13747D1223CF7BC8004A1EDC /* Base */ = {isa = PBXFileReference; lastKnownFileType = file.storyboard; name = Base; path = Base.lproj/LaunchScreen.storyboard; sourceTree = "<group>"; };
		13747D1423CF7BC8004A1EDC /* Info.plist */ = {isa = PBXFileReference; lastKnownFileType = text.plist.xml; path = Info.plist; sourceTree = "<group>"; };
		13D6D06823DF722700D3EBD1 /* LootBoxesViewController.swift */ = {isa = PBXFileReference; lastKnownFileType = sourcecode.swift; path = LootBoxesViewController.swift; sourceTree = "<group>"; };
		13D6D06A23DF849D00D3EBD1 /* BlueBoxViewController.swift */ = {isa = PBXFileReference; lastKnownFileType = sourcecode.swift; path = BlueBoxViewController.swift; sourceTree = "<group>"; };
		13D6D06C23DF84A900D3EBD1 /* PurpleBoxViewController.swift */ = {isa = PBXFileReference; lastKnownFileType = sourcecode.swift; path = PurpleBoxViewController.swift; sourceTree = "<group>"; };
		13D6D06E23DF84B300D3EBD1 /* GoldBoxViewController.swift */ = {isa = PBXFileReference; lastKnownFileType = sourcecode.swift; path = GoldBoxViewController.swift; sourceTree = "<group>"; };
		13D6D07023DF8CFB00D3EBD1 /* StoreViewController.swift */ = {isa = PBXFileReference; lastKnownFileType = sourcecode.swift; path = StoreViewController.swift; sourceTree = "<group>"; };
/* End PBXFileReference section */

/* Begin PBXFrameworksBuildPhase section */
		13747D0023CF7BC3004A1EDC /* Frameworks */ = {
			isa = PBXFrameworksBuildPhase;
			buildActionMask = 2147483647;
			files = (
			);
			runOnlyForDeploymentPostprocessing = 0;
		};
/* End PBXFrameworksBuildPhase section */

/* Begin PBXGroup section */
		13747CFA23CF7BC3004A1EDC = {
			isa = PBXGroup;
			children = (
				13747D0523CF7BC3004A1EDC /* To Do App v1 */,
				13747D0423CF7BC3004A1EDC /* Products */,
			);
			sourceTree = "<group>";
		};
		13747D0423CF7BC3004A1EDC /* Products */ = {
			isa = PBXGroup;
			children = (
				13747D0323CF7BC3004A1EDC /* To Do App v1.app */,
			);
			name = Products;
			sourceTree = "<group>";
		};
		13747D0523CF7BC3004A1EDC /* To Do App v1 */ = {
			isa = PBXGroup;
			children = (
				13747D0623CF7BC3004A1EDC /* AppDelegate.swift */,
				13747D0823CF7BC3004A1EDC /* SceneDelegate.swift */,
				13747D0C23CF7BC3004A1EDC /* Main.storyboard */,
				13704B7723DAB5F300F4F8CD /* PointsViewController.swift */,
				1370CB0B23D1003B004CEF62 /* MainToDoTableViewCell.swift */,
				1370CB0D23D1037F004CEF62 /* AddItemViewController.swift */,
				1370CB0923D0FF2F004CEF62 /* MainToDoTableViewController.swift */,
				13747D0F23CF7BC8004A1EDC /* Assets.xcassets */,
				13747D1123CF7BC8004A1EDC /* LaunchScreen.storyboard */,
				13747D1423CF7BC8004A1EDC /* Info.plist */,
				13D6D07423E1EF9500D3EBD1 /* GoneButNotForgotten */,
			);
			path = "To Do App v1";
			sourceTree = "<group>";
		};
		13D6D07423E1EF9500D3EBD1 /* GoneButNotForgotten */ = {
			isa = PBXGroup;
			children = (
				13D6D06A23DF849D00D3EBD1 /* BlueBoxViewController.swift */,
				13D6D07023DF8CFB00D3EBD1 /* StoreViewController.swift */,
				13D6D06C23DF84A900D3EBD1 /* PurpleBoxViewController.swift */,
				13D6D06E23DF84B300D3EBD1 /* GoldBoxViewController.swift */,
				13D6D06823DF722700D3EBD1 /* LootBoxesViewController.swift */,
			);
			path = GoneButNotForgotten;
			sourceTree = "<group>";
		};
/* End PBXGroup section */

/* Begin PBXNativeTarget section */
		13747D0223CF7BC3004A1EDC /* To Do App v1 */ = {
			isa = PBXNativeTarget;
			buildConfigurationList = 13747D1723CF7BC8004A1EDC /* Build configuration list for PBXNativeTarget "To Do App v1" */;
			buildPhases = (
				13747CFF23CF7BC3004A1EDC /* Sources */,
				13747D0023CF7BC3004A1EDC /* Frameworks */,
				13747D0123CF7BC3004A1EDC /* Resources */,
			);
			buildRules = (
			);
			dependencies = (
			);
			name = "To Do App v1";
			productName = "To Do App v1";
			productReference = 13747D0323CF7BC3004A1EDC /* To Do App v1.app */;
			productType = "com.apple.product-type.application";
		};
/* End PBXNativeTarget section */

/* Begin PBXProject section */
		13747CFB23CF7BC3004A1EDC /* Project object */ = {
			isa = PBXProject;
			attributes = {
				LastSwiftUpdateCheck = 1130;
				LastUpgradeCheck = 1130;
				ORGANIZATIONNAME = "Erik Fotta";
				TargetAttributes = {
					13747D0223CF7BC3004A1EDC = {
						CreatedOnToolsVersion = 11.3.1;
					};
				};
			};
			buildConfigurationList = 13747CFE23CF7BC3004A1EDC /* Build configuration list for PBXProject "To Do App v1" */;
			compatibilityVersion = "Xcode 9.3";
			developmentRegion = en;
			hasScannedForEncodings = 0;
			knownRegions = (
				en,
				Base,
			);
			mainGroup = 13747CFA23CF7BC3004A1EDC;
			productRefGroup = 13747D0423CF7BC3004A1EDC /* Products */;
			projectDirPath = "";
			projectRoot = "";
			targets = (
				13747D0223CF7BC3004A1EDC /* To Do App v1 */,
			);
		};
/* End PBXProject section */

/* Begin PBXResourcesBuildPhase section */
		13747D0123CF7BC3004A1EDC /* Resources */ = {
			isa = PBXResourcesBuildPhase;
			buildActionMask = 2147483647;
			files = (
				13747D1323CF7BC8004A1EDC /* LaunchScreen.storyboard in Resources */,
				13747D1023CF7BC8004A1EDC /* Assets.xcassets in Resources */,
				13747D0E23CF7BC3004A1EDC /* Main.storyboard in Resources */,
			);
			runOnlyForDeploymentPostprocessing = 0;
		};
/* End PBXResourcesBuildPhase section */

/* Begin PBXSourcesBuildPhase section */
		13747CFF23CF7BC3004A1EDC /* Sources */ = {
			isa = PBXSourcesBuildPhase;
			buildActionMask = 2147483647;
			files = (
				13704B7823DAB5F300F4F8CD /* PointsViewController.swift in Sources */,
				13747D0723CF7BC3004A1EDC /* AppDelegate.swift in Sources */,
				13D6D07123DF8CFB00D3EBD1 /* StoreViewController.swift in Sources */,
				13D6D06F23DF84B300D3EBD1 /* GoldBoxViewController.swift in Sources */,
				1370CB0C23D1003B004CEF62 /* MainToDoTableViewCell.swift in Sources */,
				1370CB0A23D0FF2F004CEF62 /* MainToDoTableViewController.swift in Sources */,
				13747D0923CF7BC3004A1EDC /* SceneDelegate.swift in Sources */,
				1370CB0E23D1037F004CEF62 /* AddItemViewController.swift in Sources */,
				13D6D06B23DF849D00D3EBD1 /* BlueBoxViewController.swift in Sources */,
				13D6D06D23DF84A900D3EBD1 /* PurpleBoxViewController.swift in Sources */,
				13D6D06923DF722700D3EBD1 /* LootBoxesViewController.swift in Sources */,
			);
			runOnlyForDeploymentPostprocessing = 0;
		};
/* End PBXSourcesBuildPhase section */

/* Begin PBXVariantGroup section */
		13747D0C23CF7BC3004A1EDC /* Main.storyboard */ = {
			isa = PBXVariantGroup;
			children = (
				13747D0D23CF7BC3004A1EDC /* Base */,
			);
			name = Main.storyboard;
			sourceTree = "<group>";
		};
		13747D1123CF7BC8004A1EDC /* LaunchScreen.storyboard */ = {
			isa = PBXVariantGroup;
			children = (
				13747D1223CF7BC8004A1EDC /* Base */,
			);
			name = LaunchScreen.storyboard;
			sourceTree = "<group>";
		};
/* End PBXVariantGroup section */

/* Begin XCBuildConfiguration section */
		13747D1523CF7BC8004A1EDC /* Debug */ = {
			isa = XCBuildConfiguration;
			buildSettings = {
				ALWAYS_SEARCH_USER_PATHS = NO;
				CLANG_ANALYZER_NONNULL = YES;
				CLANG_ANALYZER_NUMBER_OBJECT_CONVERSION = YES_AGGRESSIVE;
				CLANG_CXX_LANGUAGE_STANDARD = "gnu++14";
				CLANG_CXX_LIBRARY = "libc++";
				CLANG_ENABLE_MODULES = YES;
				CLANG_ENABLE_OBJC_ARC = YES;
				CLANG_ENABLE_OBJC_WEAK = YES;
				CLANG_WARN_BLOCK_CAPTURE_AUTORELEASING = YES;
				CLANG_WARN_BOOL_CONVERSION = YES;
				CLANG_WARN_COMMA = YES;
				CLANG_WARN_CONSTANT_CONVERSION = YES;
				CLANG_WARN_DEPRECATED_OBJC_IMPLEMENTATIONS = YES;
				CLANG_WARN_DIRECT_OBJC_ISA_USAGE = YES_ERROR;
				CLANG_WARN_DOCUMENTATION_COMMENTS = YES;
				CLANG_WARN_EMPTY_BODY = YES;
				CLANG_WARN_ENUM_CONVERSION = YES;
				CLANG_WARN_INFINITE_RECURSION = YES;
				CLANG_WARN_INT_CONVERSION = YES;
				CLANG_WARN_NON_LITERAL_NULL_CONVERSION = YES;
				CLANG_WARN_OBJC_IMPLICIT_RETAIN_SELF = YES;
				CLANG_WARN_OBJC_LITERAL_CONVERSION = YES;
				CLANG_WARN_OBJC_ROOT_CLASS = YES_ERROR;
				CLANG_WARN_RANGE_LOOP_ANALYSIS = YES;
				CLANG_WARN_STRICT_PROTOTYPES = YES;
				CLANG_WARN_SUSPICIOUS_MOVE = YES;
				CLANG_WARN_UNGUARDED_AVAILABILITY = YES_AGGRESSIVE;
				CLANG_WARN_UNREACHABLE_CODE = YES;
				CLANG_WARN__DUPLICATE_METHOD_MATCH = YES;
				COPY_PHASE_STRIP = NO;
				DEBUG_INFORMATION_FORMAT = dwarf;
				ENABLE_STRICT_OBJC_MSGSEND = YES;
				ENABLE_TESTABILITY = YES;
				GCC_C_LANGUAGE_STANDARD = gnu11;
				GCC_DYNAMIC_NO_PIC = NO;
				GCC_NO_COMMON_BLOCKS = YES;
				GCC_OPTIMIZATION_LEVEL = 0;
				GCC_PREPROCESSOR_DEFINITIONS = (
					"DEBUG=1",
					"$(inherited)",
				);
				GCC_WARN_64_TO_32_BIT_CONVERSION = YES;
				GCC_WARN_ABOUT_RETURN_TYPE = YES_ERROR;
				GCC_WARN_UNDECLARED_SELECTOR = YES;
				GCC_WARN_UNINITIALIZED_AUTOS = YES_AGGRESSIVE;
				GCC_WARN_UNUSED_FUNCTION = YES;
				GCC_WARN_UNUSED_VARIABLE = YES;
				IPHONEOS_DEPLOYMENT_TARGET = 13.2;
				MTL_ENABLE_DEBUG_INFO = INCLUDE_SOURCE;
				MTL_FAST_MATH = YES;
				ONLY_ACTIVE_ARCH = YES;
				SDKROOT = iphoneos;
				SWIFT_ACTIVE_COMPILATION_CONDITIONS = DEBUG;
				SWIFT_OPTIMIZATION_LEVEL = "-Onone";
			};
			name = Debug;
		};
		13747D1623CF7BC8004A1EDC /* Release */ = {
			isa = XCBuildConfiguration;
			buildSettings = {
				ALWAYS_SEARCH_USER_PATHS = NO;
				CLANG_ANALYZER_NONNULL = YES;
				CLANG_ANALYZER_NUMBER_OBJECT_CONVERSION = YES_AGGRESSIVE;
				CLANG_CXX_LANGUAGE_STANDARD = "gnu++14";
				CLANG_CXX_LIBRARY = "libc++";
				CLANG_ENABLE_MODULES = YES;
				CLANG_ENABLE_OBJC_ARC = YES;
				CLANG_ENABLE_OBJC_WEAK = YES;
				CLANG_WARN_BLOCK_CAPTURE_AUTORELEASING = YES;
				CLANG_WARN_BOOL_CONVERSION = YES;
				CLANG_WARN_COMMA = YES;
				CLANG_WARN_CONSTANT_CONVERSION = YES;
				CLANG_WARN_DEPRECATED_OBJC_IMPLEMENTATIONS = YES;
				CLANG_WARN_DIRECT_OBJC_ISA_USAGE = YES_ERROR;
				CLANG_WARN_DOCUMENTATION_COMMENTS = YES;
				CLANG_WARN_EMPTY_BODY = YES;
				CLANG_WARN_ENUM_CONVERSION = YES;
				CLANG_WARN_INFINITE_RECURSION = YES;
				CLANG_WARN_INT_CONVERSION = YES;
				CLANG_WARN_NON_LITERAL_NULL_CONVERSION = YES;
				CLANG_WARN_OBJC_IMPLICIT_RETAIN_SELF = YES;
				CLANG_WARN_OBJC_LITERAL_CONVERSION = YES;
				CLANG_WARN_OBJC_ROOT_CLASS = YES_ERROR;
				CLANG_WARN_RANGE_LOOP_ANALYSIS = YES;
				CLANG_WARN_STRICT_PROTOTYPES = YES;
				CLANG_WARN_SUSPICIOUS_MOVE = YES;
				CLANG_WARN_UNGUARDED_AVAILABILITY = YES_AGGRESSIVE;
				CLANG_WARN_UNREACHABLE_CODE = YES;
				CLANG_WARN__DUPLICATE_METHOD_MATCH = YES;
				COPY_PHASE_STRIP = NO;
				DEBUG_INFORMATION_FORMAT = "dwarf-with-dsym";
				ENABLE_NS_ASSERTIONS = NO;
				ENABLE_STRICT_OBJC_MSGSEND = YES;
				GCC_C_LANGUAGE_STANDARD = gnu11;
				GCC_NO_COMMON_BLOCKS = YES;
				GCC_WARN_64_TO_32_BIT_CONVERSION = YES;
				GCC_WARN_ABOUT_RETURN_TYPE = YES_ERROR;
				GCC_WARN_UNDECLARED_SELECTOR = YES;
				GCC_WARN_UNINITIALIZED_AUTOS = YES_AGGRESSIVE;
				GCC_WARN_UNUSED_FUNCTION = YES;
				GCC_WARN_UNUSED_VARIABLE = YES;
				IPHONEOS_DEPLOYMENT_TARGET = 13.2;
				MTL_ENABLE_DEBUG_INFO = NO;
				MTL_FAST_MATH = YES;
				SDKROOT = iphoneos;
				SWIFT_COMPILATION_MODE = wholemodule;
				SWIFT_OPTIMIZATION_LEVEL = "-O";
				VALIDATE_PRODUCT = YES;
			};
			name = Release;
		};
		13747D1823CF7BC8004A1EDC /* Debug */ = {
			isa = XCBuildConfiguration;
			buildSettings = {
				ASSETCATALOG_COMPILER_APPICON_NAME = AppIcon;
				CODE_SIGN_STYLE = Automatic;
				DEVELOPMENT_TEAM = 7TSJV4JQY8;
				INFOPLIST_FILE = "To Do App v1/Info.plist";
				LD_RUNPATH_SEARCH_PATHS = (
					"$(inherited)",
					"@executable_path/Frameworks",
				);
				PRODUCT_BUNDLE_IDENTIFIER = "Erik-sCoolProjects.To-Do-App-v1";
				PRODUCT_NAME = "$(TARGET_NAME)";
				SWIFT_VERSION = 5.0;
				TARGETED_DEVICE_FAMILY = "1,2";
			};
			name = Debug;
		};
		13747D1923CF7BC8004A1EDC /* Release */ = {
			isa = XCBuildConfiguration;
			buildSettings = {
				ASSETCATALOG_COMPILER_APPICON_NAME = AppIcon;
				CODE_SIGN_STYLE = Automatic;
				DEVELOPMENT_TEAM = 7TSJV4JQY8;
				INFOPLIST_FILE = "To Do App v1/Info.plist";
				LD_RUNPATH_SEARCH_PATHS = (
					"$(inherited)",
					"@executable_path/Frameworks",
				);
				PRODUCT_BUNDLE_IDENTIFIER = "Erik-sCoolProjects.To-Do-App-v1";
				PRODUCT_NAME = "$(TARGET_NAME)";
				SWIFT_VERSION = 5.0;
				TARGETED_DEVICE_FAMILY = "1,2";
			};
			name = Release;
		};
/* End XCBuildConfiguration section */

/* Begin XCConfigurationList section */
		13747CFE23CF7BC3004A1EDC /* Build configuration list for PBXProject "To Do App v1" */ = {
			isa = XCConfigurationList;
			buildConfigurations = (
				13747D1523CF7BC8004A1EDC /* Debug */,
				13747D1623CF7BC8004A1EDC /* Release */,
			);
			defaultConfigurationIsVisible = 0;
			defaultConfigurationName = Release;
		};
		13747D1723CF7BC8004A1EDC /* Build configuration list for PBXNativeTarget "To Do App v1" */ = {
			isa = XCConfigurationList;
			buildConfigurations = (
				13747D1823CF7BC8004A1EDC /* Debug */,
				13747D1923CF7BC8004A1EDC /* Release */,
			);
			defaultConfigurationIsVisible = 0;
			defaultConfigurationName = Release;
		};
/* End XCConfigurationList section */
	};
	rootObject = 13747CFB23CF7BC3004A1EDC /* Project object */;
}
